
Microsoft Visual Studio Solution File, Format Version 12.00
# Visual Studio Version 16
VisualStudioVersion = 16.0.31624.102
MinimumVisualStudioVersion = 10.0.40219.1
Project("{FAE04EC0-301F-11D3-BF4B-00C04F79EFBC}") = "DevOps", "DevOps\DevOps.csproj", "{3944F586-AF34-4353-8E3F-0B107688E5BF}"
EndProject
Global
	GlobalSection(SolutionConfigurationPlatforms) = preSolution
		Debug|Any CPU = Debug|Any CPU
		Release|Any CPU = Release|Any CPU
	EndGlobalSection
	GlobalSection(ProjectConfigurationPlatforms) = postSolution
		{3944F586-AF34-4353-8E3F-0B107688E5BF}.Debug|Any CPU.ActiveCfg = Debug|Any CPU
		{3944F586-AF34-4353-8E3F-0B107688E5BF}.Debug|Any CPU.Build.0 = Debug|Any CPU
		{3944F586-AF34-4353-8E3F-0B107688E5BF}.Release|Any CPU.ActiveCfg = Release|Any CPU
		{3944F586-AF34-4353-8E3F-0B107688E5BF}.Release|Any CPU.Build.0 = Release|Any CPU
	EndGlobalSection
	GlobalSection(SolutionProperties) = preSolution
		HideSolutionNode = FALSE
	EndGlobalSection
	GlobalSection(ExtensibilityGlobals) = postSolution
		SolutionGuid = {DF7FC228-CA30-49F5-A429-85256E4ECD9C}
	EndGlobalSection
EndGlobal
